{
  "name": "Content-Management",
  "lockfileVersion": 2,
  "requires": true,
  "packages": {
    "": {
      "dependencies": {
        "@fortawesome/fontawesome-svg-core": "^6.1.2",
        "@fortawesome/free-brands-svg-icons": "^6.1.2",
        "@fortawesome/free-regular-svg-icons": "^6.1.2",
        "@fortawesome/free-solid-svg-icons": "^6.1.2",
        "@fortawesome/vue-fontawesome": "^2.0.8",
        "vue-sidebar-menu": "^5.2.4"
      }
    },
    "node_modules/@babel/parser": {
      "version": "7.18.11",
      "resolved": "https://registry.npmjs.org/@babel/parser/-/parser-7.18.11.tgz",
      "integrity": "sha512-9JKn5vN+hDt0Hdqn1PiJ2guflwP+B6Ga8qbDuoF0PzzVhrzsKIJo8yGqVk6CmMHiMei9w1C1Bp9IMJSIK+HPIQ==",
      "peer": true,
      "bin": {
        "parser": "bin/babel-parser.js"
      },
      "engines": {
        "node": ">=6.0.0"
      }
    },
    "node_modules/@fortawesome/fontawesome-common-types": {
      "version": "6.1.2",
      "resolved": "https://registry.npmjs.org/@fortawesome/fontawesome-common-types/-/fontawesome-common-types-6.1.2.tgz",
      "integrity": "sha512-wBaAPGz1Awxg05e0PBRkDRuTsy4B3dpBm+zreTTyd9TH4uUM27cAL4xWyWR0rLJCrRwzVsQ4hF3FvM6rqydKPA==",
      "hasInstallScript": true,
      "engines": {
        "node": ">=6"
      }
    },
    "node_modules/@fortawesome/fontawesome-svg-core": {
      "version": "6.1.2",
      "resolved": "https://registry.npmjs.org/@fortawesome/fontawesome-svg-core/-/fontawesome-svg-core-6.1.2.tgz",
      "integrity": "sha512-853G/Htp0BOdXnPoeCPTjFrVwyrJHpe8MhjB/DYE9XjwhnNDfuBCd3aKc2YUYbEfHEcBws4UAA0kA9dymZKGjA==",
      "hasInstallScript": true,
      "dependencies": {
        "@fortawesome/fontawesome-common-types": "6.1.2"
      },
      "engines": {
        "node": ">=6"
      }
    },
    "node_modules/@fortawesome/free-brands-svg-icons": {
      "version": "6.1.2",
      "resolved": "https://registry.npmjs.org/@fortawesome/free-brands-svg-icons/-/free-brands-svg-icons-6.1.2.tgz",
      "integrity": "sha512-b2eMfXQBsSxh52pcPtYchURQs6BWNh3zVTG8XH8Lv6V4kDhEg7D0kHN+K1SZniDiPb/e5tBlaygsinMUvetITA==",
      "hasInstallScript": true,
      "dependencies": {
        "@fortawesome/fontawesome-common-types": "6.1.2"
      },
      "engines": {
        "node": ">=6"
      }
    },
    "node_modules/@fortawesome/free-regular-svg-icons": {
      "version": "6.1.2",
      "resolved": "https://registry.npmjs.org/@fortawesome/free-regular-svg-icons/-/free-regular-svg-icons-6.1.2.tgz",
      "integrity": "sha512-xR4hA+tAwsaTHGfb+25H1gVU/aJ0Rzu+xIUfnyrhaL13yNQ7TWiI2RvzniAaB+VGHDU2a+Pk96Ve+pkN3/+TTQ==",
      "hasInstallScript": true,
      "dependencies": {
        "@fortawesome/fontawesome-common-types": "6.1.2"
      },
      "engines": {
        "node": ">=6"
      }
    },
    "node_modules/@fortawesome/free-solid-svg-icons": {
      "version": "6.1.2",
      "resolved": "https://registry.npmjs.org/@fortawesome/free-solid-svg-icons/-/free-solid-svg-icons-6.1.2.tgz",
      "integrity": "sha512-lTgZz+cMpzjkHmCwOG3E1ilUZrnINYdqMmrkv30EC3XbRsGlbIOL8H9LaNp5SV4g0pNJDfQ4EdTWWaMvdwyLiQ==",
      "hasInstallScript": true,
      "dependencies": {
        "@fortawesome/fontawesome-common-types": "6.1.2"
      },
      "engines": {
        "node": ">=6"
      }
    },
    "node_modules/@fortawesome/vue-fontawesome": {
      "version": "2.0.8",
      "resolved": "https://registry.npmjs.org/@fortawesome/vue-fontawesome/-/vue-fontawesome-2.0.8.tgz",
      "integrity": "sha512-SRmP0q9Ox4zq8ydDR/hrH+23TVU1bdwYVnugLVaAIwklOHbf56gx6JUGlwES7zjuNYqzKgl8e39iYf6ph8qSQw==",
      "peerDependencies": {
        "@fortawesome/fontawesome-svg-core": "~1 || ~6",
        "vue": "~2"
      }
    },
    "node_modules/@vue/compiler-sfc": {
      "version": "2.7.8",
      "resolved": "https://registry.npmjs.org/@vue/compiler-sfc/-/compiler-sfc-2.7.8.tgz",
      "integrity": "sha512-2DK4YWKfgLnW9VDR9gnju1gcYRk3flKj8UNsms7fsRmFcg35slVTZEkqwBtX+wJBXaamFfn6NxSsZh3h12Ix/Q==",
      "peer": true,
      "dependencies": {
        "@babel/parser": "^7.18.4",
        "postcss": "^8.4.14",
        "source-map": "^0.6.1"
      }
    },
    "node_modules/csstype": {
      "version": "3.1.0",
      "resolved": "https://registry.npmjs.org/csstype/-/csstype-3.1.0.tgz",
      "integrity": "sha512-uX1KG+x9h5hIJsaKR9xHUeUraxf8IODOwq9JLNPq6BwB04a/xgpq3rcx47l5BZu5zBPlgD342tdke3Hom/nJRA==",
      "peer": true
    },
    "node_modules/nanoid": {
      "version": "3.3.4",
      "resolved": "https://registry.npmjs.org/nanoid/-/nanoid-3.3.4.tgz",
      "integrity": "sha512-MqBkQh/OHTS2egovRtLk45wEyNXwF+cokD+1YPf9u5VfJiRdAiRwB2froX5Co9Rh20xs4siNPm8naNotSD6RBw==",
      "peer": true,
      "bin": {
        "nanoid": "bin/nanoid.cjs"
      },
      "engines": {
        "node": "^10 || ^12 || ^13.7 || ^14 || >=15.0.1"
      }
    },
    "node_modules/picocolors": {
      "version": "1.0.0",
      "resolved": "https://registry.npmjs.org/picocolors/-/picocolors-1.0.0.tgz",
      "integrity": "sha512-1fygroTLlHu66zi26VoTDv8yRgm0Fccecssto+MhsZ0D/DGW2sm8E8AjW7NU5VVTRt5GxbeZ5qBuJr+HyLYkjQ==",
      "peer": true
    },
    "node_modules/postcss": {
      "version": "8.4.16",
      "resolved": "https://registry.npmjs.org/postcss/-/postcss-8.4.16.tgz",
      "integrity": "sha512-ipHE1XBvKzm5xI7hiHCZJCSugxvsdq2mPnsq5+UF+VHCjiBvtDrlxJfMBToWaP9D5XlgNmcFGqoHmUn0EYEaRQ==",
      "funding": [
        {
          "type": "opencollective",
          "url": "https://opencollective.com/postcss/"
        },
        {
          "type": "tidelift",
          "url": "https://tidelift.com/funding/github/npm/postcss"
        }
      ],
      "peer": true,
      "dependencies": {
        "nanoid": "^3.3.4",
        "picocolors": "^1.0.0",
        "source-map-js": "^1.0.2"
      },
      "engines": {
        "node": "^10 || ^12 || >=14"
      }
    },
    "node_modules/source-map": {
      "version": "0.6.1",
      "resolved": "https://registry.npmjs.org/source-map/-/source-map-0.6.1.tgz",
      "integrity": "sha512-UjgapumWlbMhkBgzT7Ykc5YXUT46F0iKu8SGXq0bcwP5dz/h0Plj6enJqjz1Zbq2l5WaqYnrVbwWOWMyF3F47g==",
      "peer": true,
      "engines": {
        "node": ">=0.10.0"
      }
    },
    "node_modules/source-map-js": {
      "version": "1.0.2",
      "resolved": "https://registry.npmjs.org/source-map-js/-/source-map-js-1.0.2.tgz",
      "integrity": "sha512-R0XvVJ9WusLiqTCEiGCmICCMplcCkIwwR11mOSD9CR5u+IXYdiseeEuXCVAjS54zqwkLcPNnmU4OeJ6tUrWhDw==",
      "peer": true,
      "engines": {
        "node": ">=0.10.0"
      }
    },
    "node_modules/vue": {
      "version": "2.7.8",
      "resolved": "https://registry.npmjs.org/vue/-/vue-2.7.8.tgz",
      "integrity": "sha512-ncwlZx5qOcn754bCu5/tS/IWPhXHopfit79cx+uIlLMyt3vCMGcXai5yCG5y+I6cDmEj4ukRYyZail9FTQh7lQ==",
      "peer": true,
      "dependencies": {
        "@vue/compiler-sfc": "2.7.8",
        "csstype": "^3.1.0"
      }
    },
    "node_modules/vue-sidebar-menu": {
      "version": "5.2.4",
      "resolved": "https://registry.npmjs.org/vue-sidebar-menu/-/vue-sidebar-menu-5.2.4.tgz",
      "integrity": "sha512-+ejF3V1pyaFQy9tfEP7qdWBu4fcIlw1jAdBlCXwPi9ndR6IJu3HiBXkMbXLTZE8fFND0agcPq6T14XbGKZeVjg=="
    }
  },
  "dependencies": {
    "@babel/parser": {
      "version": "7.18.11",
      "resolved": "https://registry.npmjs.org/@babel/parser/-/parser-7.18.11.tgz",
      "integrity": "sha512-9JKn5vN+hDt0Hdqn1PiJ2guflwP+B6Ga8qbDuoF0PzzVhrzsKIJo8yGqVk6CmMHiMei9w1C1Bp9IMJSIK+HPIQ==",
      "peer": true
    },
    "@fortawesome/fontawesome-common-types": {
      "version": "6.1.2",
      "resolved": "https://registry.npmjs.org/@fortawesome/fontawesome-common-types/-/fontawesome-common-types-6.1.2.tgz",
      "integrity": "sha512-wBaAPGz1Awxg05e0PBRkDRuTsy4B3dpBm+zreTTyd9TH4uUM27cAL4xWyWR0rLJCrRwzVsQ4hF3FvM6rqydKPA=="
    },
    "@fortawesome/fontawesome-svg-core": {
      "version": "6.1.2",
      "resolved": "https://registry.npmjs.org/@fortawesome/fontawesome-svg-core/-/fontawesome-svg-core-6.1.2.tgz",
      "integrity": "sha512-853G/Htp0BOdXnPoeCPTjFrVwyrJHpe8MhjB/DYE9XjwhnNDfuBCd3aKc2YUYbEfHEcBws4UAA0kA9dymZKGjA==",
      "requires": {
        "@fortawesome/fontawesome-common-types": "6.1.2"
      }
    },
    "@fortawesome/free-brands-svg-icons": {
      "version": "6.1.2",
      "resolved": "https://registry.npmjs.org/@fortawesome/free-brands-svg-icons/-/free-brands-svg-icons-6.1.2.tgz",
      "integrity": "sha512-b2eMfXQBsSxh52pcPtYchURQs6BWNh3zVTG8XH8Lv6V4kDhEg7D0kHN+K1SZniDiPb/e5tBlaygsinMUvetITA==",
      "requires": {
        "@fortawesome/fontawesome-common-types": "6.1.2"
      }
    },
    "@fortawesome/free-regular-svg-icons": {
      "version": "6.1.2",
      "resolved": "https://registry.npmjs.org/@fortawesome/free-regular-svg-icons/-/free-regular-svg-icons-6.1.2.tgz",
      "integrity": "sha512-xR4hA+tAwsaTHGfb+25H1gVU/aJ0Rzu+xIUfnyrhaL13yNQ7TWiI2RvzniAaB+VGHDU2a+Pk96Ve+pkN3/+TTQ==",
      "requires": {
        "@fortawesome/fontawesome-common-types": "6.1.2"
      }
    },
    "@fortawesome/free-solid-svg-icons": {
      "version": "6.1.2",
      "resolved": "https://registry.npmjs.org/@fortawesome/free-solid-svg-icons/-/free-solid-svg-icons-6.1.2.tgz",
      "integrity": "sha512-lTgZz+cMpzjkHmCwOG3E1ilUZrnINYdqMmrkv30EC3XbRsGlbIOL8H9LaNp5SV4g0pNJDfQ4EdTWWaMvdwyLiQ==",
      "requires": {
        "@fortawesome/fontawesome-common-types": "6.1.2"
      }
    },
    "@fortawesome/vue-fontawesome": {
      "version": "2.0.8",
      "resolved": "https://registry.npmjs.org/@fortawesome/vue-fontawesome/-/vue-fontawesome-2.0.8.tgz",
      "integrity": "sha512-SRmP0q9Ox4zq8ydDR/hrH+23TVU1bdwYVnugLVaAIwklOHbf56gx6JUGlwES7zjuNYqzKgl8e39iYf6ph8qSQw==",
      "requires": {}
    },
    "@vue/compiler-sfc": {
      "version": "2.7.8",
      "resolved": "https://registry.npmjs.org/@vue/compiler-sfc/-/compiler-sfc-2.7.8.tgz",
      "integrity": "sha512-2DK4YWKfgLnW9VDR9gnju1gcYRk3flKj8UNsms7fsRmFcg35slVTZEkqwBtX+wJBXaamFfn6NxSsZh3h12Ix/Q==",
      "peer": true,
      "requires": {
        "@babel/parser": "^7.18.4",
        "postcss": "^8.4.14",
        "source-map": "^0.6.1"
      }
    },
    "csstype": {
      "version": "3.1.0",
      "resolved": "https://registry.npmjs.org/csstype/-/csstype-3.1.0.tgz",
      "integrity": "sha512-uX1KG+x9h5hIJsaKR9xHUeUraxf8IODOwq9JLNPq6BwB04a/xgpq3rcx47l5BZu5zBPlgD342tdke3Hom/nJRA==",
      "peer": true
    },
    "nanoid": {
      "version": "3.3.4",
      "resolved": "https://registry.npmjs.org/nanoid/-/nanoid-3.3.4.tgz",
      "integrity": "sha512-MqBkQh/OHTS2egovRtLk45wEyNXwF+cokD+1YPf9u5VfJiRdAiRwB2froX5Co9Rh20xs4siNPm8naNotSD6RBw==",
      "peer": true
    },
    "picocolors": {
      "version": "1.0.0",
      "resolved": "https://registry.npmjs.org/picocolors/-/picocolors-1.0.0.tgz",
      "integrity": "sha512-1fygroTLlHu66zi26VoTDv8yRgm0Fccecssto+MhsZ0D/DGW2sm8E8AjW7NU5VVTRt5GxbeZ5qBuJr+HyLYkjQ==",
      "peer": true
    },
    "postcss": {
      "version": "8.4.16",
      "resolved": "https://registry.npmjs.org/postcss/-/postcss-8.4.16.tgz",
      "integrity": "sha512-ipHE1XBvKzm5xI7hiHCZJCSugxvsdq2mPnsq5+UF+VHCjiBvtDrlxJfMBToWaP9D5XlgNmcFGqoHmUn0EYEaRQ==",
      "peer": true,
      "requires": {
        "nanoid": "^3.3.4",
        "picocolors": "^1.0.0",
        "source-map-js": "^1.0.2"
      }
    },
    "source-map": {
      "version": "0.6.1",
      "resolved": "https://registry.npmjs.org/source-map/-/source-map-0.6.1.tgz",
      "integrity": "sha512-UjgapumWlbMhkBgzT7Ykc5YXUT46F0iKu8SGXq0bcwP5dz/h0Plj6enJqjz1Zbq2l5WaqYnrVbwWOWMyF3F47g==",
      "peer": true
    },
    "source-map-js": {
      "version": "1.0.2",
      "resolved": "https://registry.npmjs.org/source-map-js/-/source-map-js-1.0.2.tgz",
      "integrity": "sha512-R0XvVJ9WusLiqTCEiGCmICCMplcCkIwwR11mOSD9CR5u+IXYdiseeEuXCVAjS54zqwkLcPNnmU4OeJ6tUrWhDw==",
      "peer": true
    },
    "vue": {
      "version": "2.7.8",
      "resolved": "https://registry.npmjs.org/vue/-/vue-2.7.8.tgz",
      "integrity": "sha512-ncwlZx5qOcn754bCu5/tS/IWPhXHopfit79cx+uIlLMyt3vCMGcXai5yCG5y+I6cDmEj4ukRYyZail9FTQh7lQ==",
      "peer": true,
      "requires": {
        "@vue/compiler-sfc": "2.7.8",
        "csstype": "^3.1.0"
      }
    },
    "vue-sidebar-menu": {
      "version": "5.2.4",
      "resolved": "https://registry.npmjs.org/vue-sidebar-menu/-/vue-sidebar-menu-5.2.4.tgz",
      "integrity": "sha512-+ejF3V1pyaFQy9tfEP7qdWBu4fcIlw1jAdBlCXwPi9ndR6IJu3HiBXkMbXLTZE8fFND0agcPq6T14XbGKZeVjg=="
    }
  }
}
